
Microsoft Visual Studio Solution File, Format Version 12.00
# Visual Studio Version 17
VisualStudioVersion = 17.9.34902.65
MinimumVisualStudioVersion = 10.0.40219.1
Project("{FAE04EC0-301F-11D3-BF4B-00C04F79EFBC}") = "ASM 2 PROGRAMMING", "ASM 2 PROGRAMMING.csproj", "{E452FD2E-A659-44FF-AAA3-917E605C5C51}"
EndProject
Global
	GlobalSection(SolutionConfigurationPlatforms) = preSolution
		Debug|Any CPU = Debug|Any CPU
		Release|Any CPU = Release|Any CPU
	EndGlobalSection
	GlobalSection(ProjectConfigurationPlatforms) = postSolution
		{E452FD2E-A659-44FF-AAA3-917E605C5C51}.Debug|Any CPU.ActiveCfg = Debug|Any CPU
		{E452FD2E-A659-44FF-AAA3-917E605C5C51}.Debug|Any CPU.Build.0 = Debug|Any CPU
		{E452FD2E-A659-44FF-AAA3-917E605C5C51}.Release|Any CPU.ActiveCfg = Release|Any CPU
		{E452FD2E-A659-44FF-AAA3-917E605C5C51}.Release|Any CPU.Build.0 = Release|Any CPU
	EndGlobalSection
	GlobalSection(SolutionProperties) = preSolution
		HideSolutionNode = FALSE
	EndGlobalSection
	GlobalSection(ExtensibilityGlobals) = postSolution
		SolutionGuid = {C8214BD1-B96A-4B76-8BB1-307DCBFBFF60}
	EndGlobalSection
EndGlobal
